
Microsoft Visual Studio Solution File, Format Version 12.00
# Visual Studio Version 16
VisualStudioVersion = 16.0.29613.14
MinimumVisualStudioVersion = 10.0.40219.1
Project("{FAE04EC0-301F-11D3-BF4B-00C04F79EFBC}") = "Web2APK", "Web2APK.csproj", "{10A954A1-04D3-4A75-89CD-75D3522EF443}"
EndProject
Project("{FAE04EC0-301F-11D3-BF4B-00C04F79EFBC}") = "ConsoleApp1", "..\ConsoleApp1\ConsoleApp1.csproj", "{7FE504B4-6852-4D15-9952-7D49B11DBF04}"
EndProject
Global
	GlobalSection(SolutionConfigurationPlatforms) = preSolution
		Debug|Any CPU = Debug|Any CPU
		Release|Any CPU = Release|Any CPU
	EndGlobalSection
	GlobalSection(ProjectConfigurationPlatforms) = postSolution
		{10A954A1-04D3-4A75-89CD-75D3522EF443}.Debug|Any CPU.ActiveCfg = Debug|Any CPU
		{10A954A1-04D3-4A75-89CD-75D3522EF443}.Debug|Any CPU.Build.0 = Debug|Any CPU
		{10A954A1-04D3-4A75-89CD-75D3522EF443}.Release|Any CPU.ActiveCfg = Release|Any CPU
		{10A954A1-04D3-4A75-89CD-75D3522EF443}.Release|Any CPU.Build.0 = Release|Any CPU
		{7FE504B4-6852-4D15-9952-7D49B11DBF04}.Debug|Any CPU.ActiveCfg = Debug|Any CPU
		{7FE504B4-6852-4D15-9952-7D49B11DBF04}.Debug|Any CPU.Build.0 = Debug|Any CPU
		{7FE504B4-6852-4D15-9952-7D49B11DBF04}.Release|Any CPU.ActiveCfg = Release|Any CPU
		{7FE504B4-6852-4D15-9952-7D49B11DBF04}.Release|Any CPU.Build.0 = Release|Any CPU
	EndGlobalSection
	GlobalSection(SolutionProperties) = preSolution
		HideSolutionNode = FALSE
	EndGlobalSection
	GlobalSection(ExtensibilityGlobals) = postSolution
		SolutionGuid = {C203896B-FA20-41EB-B259-EF3CF2E39B8C}
	EndGlobalSection
EndGlobal
